{
  "name": "dvns-govcore-public-identity-links",
  "version": "0.1.0",
  "lockfileVersion": 3,
  "requires": true,
  "packages": {
    "": {
      "name": "dvns-govcore-public-identity-links",
      "version": "0.1.0",
      "license": "AGPL-3.0-or-later",
      "dependencies": {
        "@gov-core/client": "file:vendor/gov-core-client-0.1.0.tgz"
      },
      "engines": {
        "node": ">=22.19.0"
      }
    },
    "node_modules/@gov-core/client": {
      "version": "0.1.0",
      "resolved": "file:vendor/gov-core-client-0.1.0.tgz",
      "integrity": "sha512-JsDlbWIbOkPGhm5mE/Xdqew8mAzyDrVukvOfv6RUJ4nLoDlFxZDCcrdjFclR1PFH0kLqHLB0LoeZgTf6VsmUMA==",
      "license": "MIT"
    }
  }
}
